
Microsoft Visual Studio Solution File, Format Version 12.00
# Visual Studio Version 16
VisualStudioVersion = 16.0.31410.223
MinimumVisualStudioVersion = 10.0.40219.1
Project("{9A19103F-16F7-4668-BE54-9A1E7A4F7556}") = "Home", "Home\Home.csproj", "{6CDB5F40-DEE2-4088-A8EC-624DDAD8875A}"
EndProject
Project("{9A19103F-16F7-4668-BE54-9A1E7A4F7556}") = "Contracts", "Contracts\Contracts.csproj", "{A4F7CCF2-FF99-42B3-AA40-FB25F77C742F}"
EndProject
Project("{9A19103F-16F7-4668-BE54-9A1E7A4F7556}") = "Investors", "Investors\Investors.csproj", "{65EEE312-8F50-46CC-9BF9-65A4E5969914}"
EndProject
Project("{9A19103F-16F7-4668-BE54-9A1E7A4F7556}") = "Participants", "Participants\Participants.csproj", "{B3214DF4-6CF8-493A-8BA9-9C3A5A418586}"
EndProject
Project("{9A19103F-16F7-4668-BE54-9A1E7A4F7556}") = "Portfolios", "Portfolios\Portfolios.csproj", "{50BED3D0-3566-4729-8868-E405579FDEFA}"
EndProject
Project("{9A19103F-16F7-4668-BE54-9A1E7A4F7556}") = "PortfolioValuation", "PortfolioValuation\PortfolioValuation.csproj", "{A27D802C-A4CA-40E5-BFEA-C47FF4A1B40D}"
EndProject
Project("{9A19103F-16F7-4668-BE54-9A1E7A4F7556}") = "Procedures", "Procedures\Procedures.csproj", "{85C7F266-6C97-456F-98BB-C18BD6ACF1B4}"
EndProject
Project("{9A19103F-16F7-4668-BE54-9A1E7A4F7556}") = "PortfoliosMarket", "PortfoliosMarket\PortfoliosMarket.csproj", "{BA437086-7638-4AEE-AD06-C4282081C69B}"
EndProject
Global
	GlobalSection(SolutionConfigurationPlatforms) = preSolution
		Debug|Any CPU = Debug|Any CPU
		Release|Any CPU = Release|Any CPU
	EndGlobalSection
	GlobalSection(ProjectConfigurationPlatforms) = postSolution
		{6CDB5F40-DEE2-4088-A8EC-624DDAD8875A}.Debug|Any CPU.ActiveCfg = Debug|Any CPU
		{6CDB5F40-DEE2-4088-A8EC-624DDAD8875A}.Debug|Any CPU.Build.0 = Debug|Any CPU
		{6CDB5F40-DEE2-4088-A8EC-624DDAD8875A}.Release|Any CPU.ActiveCfg = Release|Any CPU
		{6CDB5F40-DEE2-4088-A8EC-624DDAD8875A}.Release|Any CPU.Build.0 = Release|Any CPU
		{A4F7CCF2-FF99-42B3-AA40-FB25F77C742F}.Debug|Any CPU.ActiveCfg = Debug|Any CPU
		{A4F7CCF2-FF99-42B3-AA40-FB25F77C742F}.Debug|Any CPU.Build.0 = Debug|Any CPU
		{A4F7CCF2-FF99-42B3-AA40-FB25F77C742F}.Release|Any CPU.ActiveCfg = Release|Any CPU
		{A4F7CCF2-FF99-42B3-AA40-FB25F77C742F}.Release|Any CPU.Build.0 = Release|Any CPU
		{65EEE312-8F50-46CC-9BF9-65A4E5969914}.Debug|Any CPU.ActiveCfg = Debug|Any CPU
		{65EEE312-8F50-46CC-9BF9-65A4E5969914}.Debug|Any CPU.Build.0 = Debug|Any CPU
		{65EEE312-8F50-46CC-9BF9-65A4E5969914}.Release|Any CPU.ActiveCfg = Release|Any CPU
		{65EEE312-8F50-46CC-9BF9-65A4E5969914}.Release|Any CPU.Build.0 = Release|Any CPU
		{B3214DF4-6CF8-493A-8BA9-9C3A5A418586}.Debug|Any CPU.ActiveCfg = Debug|Any CPU
		{B3214DF4-6CF8-493A-8BA9-9C3A5A418586}.Debug|Any CPU.Build.0 = Debug|Any CPU
		{B3214DF4-6CF8-493A-8BA9-9C3A5A418586}.Release|Any CPU.ActiveCfg = Release|Any CPU
		{B3214DF4-6CF8-493A-8BA9-9C3A5A418586}.Release|Any CPU.Build.0 = Release|Any CPU
		{50BED3D0-3566-4729-8868-E405579FDEFA}.Debug|Any CPU.ActiveCfg = Debug|Any CPU
		{50BED3D0-3566-4729-8868-E405579FDEFA}.Debug|Any CPU.Build.0 = Debug|Any CPU
		{50BED3D0-3566-4729-8868-E405579FDEFA}.Release|Any CPU.ActiveCfg = Release|Any CPU
		{50BED3D0-3566-4729-8868-E405579FDEFA}.Release|Any CPU.Build.0 = Release|Any CPU
		{A27D802C-A4CA-40E5-BFEA-C47FF4A1B40D}.Debug|Any CPU.ActiveCfg = Debug|Any CPU
		{A27D802C-A4CA-40E5-BFEA-C47FF4A1B40D}.Debug|Any CPU.Build.0 = Debug|Any CPU
		{A27D802C-A4CA-40E5-BFEA-C47FF4A1B40D}.Release|Any CPU.ActiveCfg = Release|Any CPU
		{A27D802C-A4CA-40E5-BFEA-C47FF4A1B40D}.Release|Any CPU.Build.0 = Release|Any CPU
		{85C7F266-6C97-456F-98BB-C18BD6ACF1B4}.Debug|Any CPU.ActiveCfg = Debug|Any CPU
		{85C7F266-6C97-456F-98BB-C18BD6ACF1B4}.Debug|Any CPU.Build.0 = Debug|Any CPU
		{85C7F266-6C97-456F-98BB-C18BD6ACF1B4}.Release|Any CPU.ActiveCfg = Release|Any CPU
		{85C7F266-6C97-456F-98BB-C18BD6ACF1B4}.Release|Any CPU.Build.0 = Release|Any CPU
		{BA437086-7638-4AEE-AD06-C4282081C69B}.Debug|Any CPU.ActiveCfg = Debug|Any CPU
		{BA437086-7638-4AEE-AD06-C4282081C69B}.Debug|Any CPU.Build.0 = Debug|Any CPU
		{BA437086-7638-4AEE-AD06-C4282081C69B}.Release|Any CPU.ActiveCfg = Release|Any CPU
		{BA437086-7638-4AEE-AD06-C4282081C69B}.Release|Any CPU.Build.0 = Release|Any CPU
	EndGlobalSection
	GlobalSection(SolutionProperties) = preSolution
		HideSolutionNode = FALSE
	EndGlobalSection
	GlobalSection(ExtensibilityGlobals) = postSolution
		SolutionGuid = {6ED82AB1-002B-4CEA-A594-D03473DD7248}
	EndGlobalSection
EndGlobal
